
Microsoft Visual Studio Solution File, Format Version 12.00
# Visual Studio Version 17
VisualStudioVersion = 17.5.002.0
MinimumVisualStudioVersion = 10.0.40219.1
Project("{9A19103F-16F7-4668-BE54-9A1E7A4F7556}") = "pa2", "pa2.csproj", "{CC2BB818-F2DA-469D-BCC2-43BBDA291576}"
EndProject
Global
	GlobalSection(SolutionConfigurationPlatforms) = preSolution
		Debug|Any CPU = Debug|Any CPU
		Release|Any CPU = Release|Any CPU
	EndGlobalSection
	GlobalSection(ProjectConfigurationPlatforms) = postSolution
		{CC2BB818-F2DA-469D-BCC2-43BBDA291576}.Debug|Any CPU.ActiveCfg = Debug|Any CPU
		{CC2BB818-F2DA-469D-BCC2-43BBDA291576}.Debug|Any CPU.Build.0 = Debug|Any CPU
		{CC2BB818-F2DA-469D-BCC2-43BBDA291576}.Release|Any CPU.ActiveCfg = Release|Any CPU
		{CC2BB818-F2DA-469D-BCC2-43BBDA291576}.Release|Any CPU.Build.0 = Release|Any CPU
	EndGlobalSection
	GlobalSection(SolutionProperties) = preSolution
		HideSolutionNode = FALSE
	EndGlobalSection
	GlobalSection(ExtensibilityGlobals) = postSolution
		SolutionGuid = {E7B5560C-7DD1-4EAE-89DA-EB2B12C6D08C}
	EndGlobalSection
EndGlobal
